
Microsoft Visual Studio Solution File, Format Version 12.00
# Visual Studio Version 16
VisualStudioVersion = 16.0.31911.196
MinimumVisualStudioVersion = 10.0.40219.1
Project("{2150E333-8FDC-42A3-9474-1A3956D46DE8}") = "src", "src", "{6EA112D6-68A3-4B46-A428-F283977A27E0}"
EndProject
Project("{2150E333-8FDC-42A3-9474-1A3956D46DE8}") = "Building Blocks", "Building Blocks", "{10E3B62F-950A-437C-9628-E6FA74C9B47F}"
EndProject
Project("{2150E333-8FDC-42A3-9474-1A3956D46DE8}") = "Services", "Services", "{1A904D26-3AD1-4A56-8496-052C81DC77CE}"
EndProject
Project("{2150E333-8FDC-42A3-9474-1A3956D46DE8}") = "Web", "Web", "{D839B5CE-B98A-4927-A5E9-E5A30CED7AD7}"
EndProject
Project("{2150E333-8FDC-42A3-9474-1A3956D46DE8}") = "Proprietario", "Proprietario", "{4E595F3F-6885-4289-9445-8A4F3DE1D034}"
EndProject
Project("{9A19103F-16F7-4668-BE54-9A1E7A4F7556}") = "Automobile.Proprietarios.API", "src\services\Automobile.Proprietarios.API\Automobile.Proprietarios.API.csproj", "{277AE486-B94C-4526-A199-561D847BD7F6}"
EndProject
Project("{9A19103F-16F7-4668-BE54-9A1E7A4F7556}") = "Automobile.Core", "src\building blocks\Automobile.Core\Automobile.Core.csproj", "{4C12F6AE-AD5A-425D-B5BE-A3D743A875DE}"
EndProject
Project("{9A19103F-16F7-4668-BE54-9A1E7A4F7556}") = "Automobile.WebAPI.Core", "src\building blocks\Automobile.WebAPI.Core\Automobile.WebAPI.Core.csproj", "{651D93BB-F751-401E-998D-44C5B4E336EE}"
EndProject
Project("{2150E333-8FDC-42A3-9474-1A3956D46DE8}") = "Core", "Core", "{19A2A579-E560-47DF-9021-749D682586EE}"
EndProject
Project("{2150E333-8FDC-42A3-9474-1A3956D46DE8}") = "Services", "Services", "{932B07E9-743A-45A5-A6A5-142B35915C52}"
EndProject
Project("{9A19103F-16F7-4668-BE54-9A1E7A4F7556}") = "Automobile.Proprietarios.Domain", "src\services\Automobile.Proprietarios.Domain\Automobile.Proprietarios.Domain.csproj", "{BAEA0112-D6B3-4933-88AF-49EB8ACB07A8}"
EndProject
Project("{9A19103F-16F7-4668-BE54-9A1E7A4F7556}") = "Automobile.Proprietarios.Application", "src\services\Automobile.Proprietarios.Application\Automobile.Proprietarios.Application.csproj", "{5E2E5243-6121-4F03-A8CC-41FCB3C58E2D}"
EndProject
Project("{9A19103F-16F7-4668-BE54-9A1E7A4F7556}") = "Automobile.Proprietarios.Infra.EF", "src\services\Automobile.Proprietarios.Infra.EF\Automobile.Proprietarios.Infra.EF.csproj", "{E2099B6C-E4A6-48C0-986C-519A4E7EAE27}"
EndProject
Project("{2150E333-8FDC-42A3-9474-1A3956D46DE8}") = "Database", "Database", "{B57FA08F-8D87-413D-85B9-DB8D8EFD2C84}"
EndProject
Project("{9A19103F-16F7-4668-BE54-9A1E7A4F7556}") = "Automobile.Database.SqlServer", "src\building blocks\Automobile.Database.SqlServer\Automobile.Database.SqlServer.csproj", "{1106267D-1D7A-43B5-84CD-8DD89E77E3FC}"
EndProject
Project("{2150E333-8FDC-42A3-9474-1A3956D46DE8}") = "tests", "tests", "{FA04A0A8-50F5-4A75-A579-978C735B7370}"
EndProject
Project("{2150E333-8FDC-42A3-9474-1A3956D46DE8}") = "Services", "Services", "{98C37B95-7421-4B97-9938-DDF5920CEE20}"
EndProject
Project("{2150E333-8FDC-42A3-9474-1A3956D46DE8}") = "Proprietario", "Proprietario", "{6DC3AE9C-8FAB-415F-AC62-05EB63C94E87}"
EndProject
Project("{9A19103F-16F7-4668-BE54-9A1E7A4F7556}") = "Automobile.Proprietarios.Domain.Test", "tests\services\Automobile.Proprietarios.Domain.Test\Automobile.Proprietarios.Domain.Test.csproj", "{FF21A00B-DB89-42AA-8748-74293ED33C72}"
EndProject
Project("{9A19103F-16F7-4668-BE54-9A1E7A4F7556}") = "Automobile.Proprietarios.Application.Test", "tests\services\Automobile.Proprietarios.Application.Test\Automobile.Proprietarios.Application.Test.csproj", "{74DEBD9C-8316-41C7-A7B0-D524D27A1E02}"
EndProject
Global
	GlobalSection(SolutionConfigurationPlatforms) = preSolution
		Debug|Any CPU = Debug|Any CPU
		Release|Any CPU = Release|Any CPU
	EndGlobalSection
	GlobalSection(ProjectConfigurationPlatforms) = postSolution
		{277AE486-B94C-4526-A199-561D847BD7F6}.Debug|Any CPU.ActiveCfg = Debug|Any CPU
		{277AE486-B94C-4526-A199-561D847BD7F6}.Debug|Any CPU.Build.0 = Debug|Any CPU
		{277AE486-B94C-4526-A199-561D847BD7F6}.Release|Any CPU.ActiveCfg = Release|Any CPU
		{277AE486-B94C-4526-A199-561D847BD7F6}.Release|Any CPU.Build.0 = Release|Any CPU
		{4C12F6AE-AD5A-425D-B5BE-A3D743A875DE}.Debug|Any CPU.ActiveCfg = Debug|Any CPU
		{4C12F6AE-AD5A-425D-B5BE-A3D743A875DE}.Debug|Any CPU.Build.0 = Debug|Any CPU
		{4C12F6AE-AD5A-425D-B5BE-A3D743A875DE}.Release|Any CPU.ActiveCfg = Release|Any CPU
		{4C12F6AE-AD5A-425D-B5BE-A3D743A875DE}.Release|Any CPU.Build.0 = Release|Any CPU
		{651D93BB-F751-401E-998D-44C5B4E336EE}.Debug|Any CPU.ActiveCfg = Debug|Any CPU
		{651D93BB-F751-401E-998D-44C5B4E336EE}.Debug|Any CPU.Build.0 = Debug|Any CPU
		{651D93BB-F751-401E-998D-44C5B4E336EE}.Release|Any CPU.ActiveCfg = Release|Any CPU
		{651D93BB-F751-401E-998D-44C5B4E336EE}.Release|Any CPU.Build.0 = Release|Any CPU
		{BAEA0112-D6B3-4933-88AF-49EB8ACB07A8}.Debug|Any CPU.ActiveCfg = Debug|Any CPU
		{BAEA0112-D6B3-4933-88AF-49EB8ACB07A8}.Debug|Any CPU.Build.0 = Debug|Any CPU
		{BAEA0112-D6B3-4933-88AF-49EB8ACB07A8}.Release|Any CPU.ActiveCfg = Release|Any CPU
		{BAEA0112-D6B3-4933-88AF-49EB8ACB07A8}.Release|Any CPU.Build.0 = Release|Any CPU
		{5E2E5243-6121-4F03-A8CC-41FCB3C58E2D}.Debug|Any CPU.ActiveCfg = Debug|Any CPU
		{5E2E5243-6121-4F03-A8CC-41FCB3C58E2D}.Debug|Any CPU.Build.0 = Debug|Any CPU
		{5E2E5243-6121-4F03-A8CC-41FCB3C58E2D}.Release|Any CPU.ActiveCfg = Release|Any CPU
		{5E2E5243-6121-4F03-A8CC-41FCB3C58E2D}.Release|Any CPU.Build.0 = Release|Any CPU
		{E2099B6C-E4A6-48C0-986C-519A4E7EAE27}.Debug|Any CPU.ActiveCfg = Debug|Any CPU
		{E2099B6C-E4A6-48C0-986C-519A4E7EAE27}.Debug|Any CPU.Build.0 = Debug|Any CPU
		{E2099B6C-E4A6-48C0-986C-519A4E7EAE27}.Release|Any CPU.ActiveCfg = Release|Any CPU
		{E2099B6C-E4A6-48C0-986C-519A4E7EAE27}.Release|Any CPU.Build.0 = Release|Any CPU
		{1106267D-1D7A-43B5-84CD-8DD89E77E3FC}.Debug|Any CPU.ActiveCfg = Debug|Any CPU
		{1106267D-1D7A-43B5-84CD-8DD89E77E3FC}.Debug|Any CPU.Build.0 = Debug|Any CPU
		{1106267D-1D7A-43B5-84CD-8DD89E77E3FC}.Release|Any CPU.ActiveCfg = Release|Any CPU
		{1106267D-1D7A-43B5-84CD-8DD89E77E3FC}.Release|Any CPU.Build.0 = Release|Any CPU
		{FF21A00B-DB89-42AA-8748-74293ED33C72}.Debug|Any CPU.ActiveCfg = Debug|Any CPU
		{FF21A00B-DB89-42AA-8748-74293ED33C72}.Debug|Any CPU.Build.0 = Debug|Any CPU
		{FF21A00B-DB89-42AA-8748-74293ED33C72}.Release|Any CPU.ActiveCfg = Release|Any CPU
		{FF21A00B-DB89-42AA-8748-74293ED33C72}.Release|Any CPU.Build.0 = Release|Any CPU
		{74DEBD9C-8316-41C7-A7B0-D524D27A1E02}.Debug|Any CPU.ActiveCfg = Debug|Any CPU
		{74DEBD9C-8316-41C7-A7B0-D524D27A1E02}.Debug|Any CPU.Build.0 = Debug|Any CPU
		{74DEBD9C-8316-41C7-A7B0-D524D27A1E02}.Release|Any CPU.ActiveCfg = Release|Any CPU
		{74DEBD9C-8316-41C7-A7B0-D524D27A1E02}.Release|Any CPU.Build.0 = Release|Any CPU
	EndGlobalSection
	GlobalSection(SolutionProperties) = preSolution
		HideSolutionNode = FALSE
	EndGlobalSection
	GlobalSection(NestedProjects) = preSolution
		{10E3B62F-950A-437C-9628-E6FA74C9B47F} = {6EA112D6-68A3-4B46-A428-F283977A27E0}
		{1A904D26-3AD1-4A56-8496-052C81DC77CE} = {6EA112D6-68A3-4B46-A428-F283977A27E0}
		{D839B5CE-B98A-4927-A5E9-E5A30CED7AD7} = {6EA112D6-68A3-4B46-A428-F283977A27E0}
		{4E595F3F-6885-4289-9445-8A4F3DE1D034} = {1A904D26-3AD1-4A56-8496-052C81DC77CE}
		{277AE486-B94C-4526-A199-561D847BD7F6} = {4E595F3F-6885-4289-9445-8A4F3DE1D034}
		{4C12F6AE-AD5A-425D-B5BE-A3D743A875DE} = {19A2A579-E560-47DF-9021-749D682586EE}
		{651D93BB-F751-401E-998D-44C5B4E336EE} = {932B07E9-743A-45A5-A6A5-142B35915C52}
		{19A2A579-E560-47DF-9021-749D682586EE} = {10E3B62F-950A-437C-9628-E6FA74C9B47F}
		{932B07E9-743A-45A5-A6A5-142B35915C52} = {10E3B62F-950A-437C-9628-E6FA74C9B47F}
		{BAEA0112-D6B3-4933-88AF-49EB8ACB07A8} = {4E595F3F-6885-4289-9445-8A4F3DE1D034}
		{5E2E5243-6121-4F03-A8CC-41FCB3C58E2D} = {4E595F3F-6885-4289-9445-8A4F3DE1D034}
		{E2099B6C-E4A6-48C0-986C-519A4E7EAE27} = {4E595F3F-6885-4289-9445-8A4F3DE1D034}
		{B57FA08F-8D87-413D-85B9-DB8D8EFD2C84} = {10E3B62F-950A-437C-9628-E6FA74C9B47F}
		{1106267D-1D7A-43B5-84CD-8DD89E77E3FC} = {B57FA08F-8D87-413D-85B9-DB8D8EFD2C84}
		{98C37B95-7421-4B97-9938-DDF5920CEE20} = {FA04A0A8-50F5-4A75-A579-978C735B7370}
		{6DC3AE9C-8FAB-415F-AC62-05EB63C94E87} = {98C37B95-7421-4B97-9938-DDF5920CEE20}
		{FF21A00B-DB89-42AA-8748-74293ED33C72} = {6DC3AE9C-8FAB-415F-AC62-05EB63C94E87}
		{74DEBD9C-8316-41C7-A7B0-D524D27A1E02} = {6DC3AE9C-8FAB-415F-AC62-05EB63C94E87}
	EndGlobalSection
	GlobalSection(ExtensibilityGlobals) = postSolution
		SolutionGuid = {07A51463-0D91-43FD-9C8D-7B39DE253B73}
	EndGlobalSection
EndGlobal
